
Microsoft Visual Studio Solution File, Format Version 12.00
# Visual Studio Version 16
VisualStudioVersion = 16.0.33214.272
MinimumVisualStudioVersion = 10.0.40219.1
Project("{FAE04EC0-301F-11D3-BF4B-00C04F79EFBC}") = "Mission9_msperry6", "Mission9_msperry6.csproj", "{BAFA67D6-14DC-40A7-99EC-5E32BBF39636}"
EndProject
Global
	GlobalSection(SolutionConfigurationPlatforms) = preSolution
		Debug|Any CPU = Debug|Any CPU
		Release|Any CPU = Release|Any CPU
	EndGlobalSection
	GlobalSection(ProjectConfigurationPlatforms) = postSolution
		{BAFA67D6-14DC-40A7-99EC-5E32BBF39636}.Debug|Any CPU.ActiveCfg = Debug|Any CPU
		{BAFA67D6-14DC-40A7-99EC-5E32BBF39636}.Debug|Any CPU.Build.0 = Debug|Any CPU
		{BAFA67D6-14DC-40A7-99EC-5E32BBF39636}.Release|Any CPU.ActiveCfg = Release|Any CPU
		{BAFA67D6-14DC-40A7-99EC-5E32BBF39636}.Release|Any CPU.Build.0 = Release|Any CPU
	EndGlobalSection
	GlobalSection(SolutionProperties) = preSolution
		HideSolutionNode = FALSE
	EndGlobalSection
	GlobalSection(ExtensibilityGlobals) = postSolution
		SolutionGuid = {D35A6597-8E67-419E-919F-0A126644C474}
	EndGlobalSection
EndGlobal
